// !$*UTF8*$!
{
	archiveVersion = 1;
	classes = {
	};
	objectVersion = 46;
	objects = {

/* Begin PBXBuildFile section */
		1A02F9B91A9C18A20032E483 /* WeatherServiceForcastIODataSource.swift in Sources */ = {isa = PBXBuildFile; fileRef = 1A02F9B81A9C18A20032E483 /* WeatherServiceForcastIODataSource.swift */; };
		1A02F9BC1A9C1A5F0032E483 /* WeatherServicePreparedDataSource.swift in Sources */ = {isa = PBXBuildFile; fileRef = 1A02F9BB1A9C1A5F0032E483 /* WeatherServicePreparedDataSource.swift */; };
		1A02F9BE1A9C1AC60032E483 /* LaunchMenuViewController.swift in Sources */ = {isa = PBXBuildFile; fileRef = 1A02F9BD1A9C1AC60032E483 /* LaunchMenuViewController.swift */; };
		1A066B851A9E62E100F2A092 /* clear-day.jpg in Resources */ = {isa = PBXBuildFile; fileRef = 1A066B7B1A9E62E100F2A092 /* clear-day.jpg */; };
		1A066B861A9E62E100F2A092 /* clear-night.jpg in Resources */ = {isa = PBXBuildFile; fileRef = 1A066B7C1A9E62E100F2A092 /* clear-night.jpg */; };
		1A066B871A9E62E100F2A092 /* cloudy.jpg in Resources */ = {isa = PBXBuildFile; fileRef = 1A066B7D1A9E62E100F2A092 /* cloudy.jpg */; };
		1A066B881A9E62E100F2A092 /* fog.jpg in Resources */ = {isa = PBXBuildFile; fileRef = 1A066B7E1A9E62E100F2A092 /* fog.jpg */; };
		1A066B891A9E62E100F2A092 /* partly-cloudy-day.jpg in Resources */ = {isa = PBXBuildFile; fileRef = 1A066B7F1A9E62E100F2A092 /* partly-cloudy-day.jpg */; };
		1A066B8A1A9E62E100F2A092 /* partly-cloudy-night.jpg in Resources */ = {isa = PBXBuildFile; fileRef = 1A066B801A9E62E100F2A092 /* partly-cloudy-night.jpg */; };
		1A066B8B1A9E62E100F2A092 /* rain.jpg in Resources */ = {isa = PBXBuildFile; fileRef = 1A066B811A9E62E100F2A092 /* rain.jpg */; };
		1A066B8C1A9E62E100F2A092 /* sleet.jpg in Resources */ = {isa = PBXBuildFile; fileRef = 1A066B821A9E62E100F2A092 /* sleet.jpg */; };
		1A066B8D1A9E62E100F2A092 /* snow.jpg in Resources */ = {isa = PBXBuildFile; fileRef = 1A066B831A9E62E100F2A092 /* snow.jpg */; };
		1A066B8E1A9E62E100F2A092 /* wind.jpg in Resources */ = {isa = PBXBuildFile; fileRef = 1A066B841A9E62E100F2A092 /* wind.jpg */; };
		1A066B931A9E6BAA00F2A092 /* WeatherServiceForcastIONetworkResponseParser.swift in Sources */ = {isa = PBXBuildFile; fileRef = 1A066B921A9E6BAA00F2A092 /* WeatherServiceForcastIONetworkResponseParser.swift */; };
		1A0EFFB51A9BCF1B0041181E /* AppDelegate.swift in Sources */ = {isa = PBXBuildFile; fileRef = 1A0EFFB41A9BCF1B0041181E /* AppDelegate.swift */; };
		1A0EFFB71A9BCF1B0041181E /* WeatherDisplayViewController.swift in Sources */ = {isa = PBXBuildFile; fileRef = 1A0EFFB61A9BCF1B0041181E /* WeatherDisplayViewController.swift */; };
		1A0EFFBA1A9BCF1B0041181E /* Main.storyboard in Resources */ = {isa = PBXBuildFile; fileRef = 1A0EFFB81A9BCF1B0041181E /* Main.storyboard */; };
		1A0EFFBC1A9BCF1B0041181E /* Images.xcassets in Resources */ = {isa = PBXBuildFile; fileRef = 1A0EFFBB1A9BCF1B0041181E /* Images.xcassets */; };
		1A0EFFBF1A9BCF1B0041181E /* LaunchScreen.xib in Resources */ = {isa = PBXBuildFile; fileRef = 1A0EFFBD1A9BCF1B0041181E /* LaunchScreen.xib */; };
		1A0EFFCB1A9BCF1B0041181E /* WeatherDemoTests.swift in Sources */ = {isa = PBXBuildFile; fileRef = 1A0EFFCA1A9BCF1B0041181E /* WeatherDemoTests.swift */; };
		1A0EFFD51A9BCF4F0041181E /* WeatherService.swift in Sources */ = {isa = PBXBuildFile; fileRef = 1A0EFFD41A9BCF4F0041181E /* WeatherService.swift */; };
		1A0EFFD91A9BE2DD0041181E /* WeatherReport.swift in Sources */ = {isa = PBXBuildFile; fileRef = 1A0EFFD81A9BE2DD0041181E /* WeatherReport.swift */; };
		1A2847311A9C248400D5C72D /* LaunchMenu.swift in Sources */ = {isa = PBXBuildFile; fileRef = 1A2847301A9C248400D5C72D /* LaunchMenu.swift */; };
/* End PBXBuildFile section */

/* Begin PBXContainerItemProxy section */
		1A0EFFC51A9BCF1B0041181E /* PBXContainerItemProxy */ = {
			isa = PBXContainerItemProxy;
			containerPortal = 1A0EFFA71A9BCF1B0041181E /* Project object */;
			proxyType = 1;
			remoteGlobalIDString = 1A0EFFAE1A9BCF1B0041181E;
			remoteInfo = WeatherDemo;
		};
/* End PBXContainerItemProxy section */

/* Begin PBXFileReference section */
		1A02F9B81A9C18A20032E483 /* WeatherServiceForcastIODataSource.swift */ = {isa = PBXFileReference; fileEncoding = 4; lastKnownFileType = sourcecode.swift; name = WeatherServiceForcastIODataSource.swift; path = Source/WeatherServiceForcastIODataSource.swift; sourceTree = "<group>"; };
		1A02F9BB1A9C1A5F0032E483 /* WeatherServicePreparedDataSource.swift */ = {isa = PBXFileReference; fileEncoding = 4; lastKnownFileType = sourcecode.swift; path = WeatherServicePreparedDataSource.swift; sourceTree = "<group>"; };
		1A02F9BD1A9C1AC60032E483 /* LaunchMenuViewController.swift */ = {isa = PBXFileReference; fileEncoding = 4; lastKnownFileType = sourcecode.swift; name = LaunchMenuViewController.swift; path = Source/LaunchMenuViewController.swift; sourceTree = "<group>"; };
		1A066B7B1A9E62E100F2A092 /* clear-day.jpg */ = {isa = PBXFileReference; lastKnownFileType = image.jpeg; path = "clear-day.jpg"; sourceTree = "<group>"; };
		1A066B7C1A9E62E100F2A092 /* clear-night.jpg */ = {isa = PBXFileReference; lastKnownFileType = image.jpeg; path = "clear-night.jpg"; sourceTree = "<group>"; };
		1A066B7D1A9E62E100F2A092 /* cloudy.jpg */ = {isa = PBXFileReference; lastKnownFileType = image.jpeg; path = cloudy.jpg; sourceTree = "<group>"; };
		1A066B7E1A9E62E100F2A092 /* fog.jpg */ = {isa = PBXFileReference; lastKnownFileType = image.jpeg; path = fog.jpg; sourceTree = "<group>"; };
		1A066B7F1A9E62E100F2A092 /* partly-cloudy-day.jpg */ = {isa = PBXFileReference; lastKnownFileType = image.jpeg; path = "partly-cloudy-day.jpg"; sourceTree = "<group>"; };
		1A066B801A9E62E100F2A092 /* partly-cloudy-night.jpg */ = {isa = PBXFileReference; lastKnownFileType = image.jpeg; path = "partly-cloudy-night.jpg"; sourceTree = "<group>"; };
		1A066B811A9E62E100F2A092 /* rain.jpg */ = {isa = PBXFileReference; lastKnownFileType = image.jpeg; path = rain.jpg; sourceTree = "<group>"; };
		1A066B821A9E62E100F2A092 /* sleet.jpg */ = {isa = PBXFileReference; lastKnownFileType = image.jpeg; path = sleet.jpg; sourceTree = "<group>"; };
		1A066B831A9E62E100F2A092 /* snow.jpg */ = {isa = PBXFileReference; lastKnownFileType = image.jpeg; path = snow.jpg; sourceTree = "<group>"; };
		1A066B841A9E62E100F2A092 /* wind.jpg */ = {isa = PBXFileReference; lastKnownFileType = image.jpeg; path = wind.jpg; sourceTree = "<group>"; };
		1A066B921A9E6BAA00F2A092 /* WeatherServiceForcastIONetworkResponseParser.swift */ = {isa = PBXFileReference; fileEncoding = 4; lastKnownFileType = sourcecode.swift; path = WeatherServiceForcastIONetworkResponseParser.swift; sourceTree = "<group>"; };
		1A0EFFAF1A9BCF1B0041181E /* WeatherDemo.app */ = {isa = PBXFileReference; explicitFileType = wrapper.application; includeInIndex = 0; path = WeatherDemo.app; sourceTree = BUILT_PRODUCTS_DIR; };
		1A0EFFB31A9BCF1B0041181E /* Info.plist */ = {isa = PBXFileReference; lastKnownFileType = text.plist.xml; path = Info.plist; sourceTree = "<group>"; };
		1A0EFFB41A9BCF1B0041181E /* AppDelegate.swift */ = {isa = PBXFileReference; lastKnownFileType = sourcecode.swift; path = AppDelegate.swift; sourceTree = "<group>"; };
		1A0EFFB61A9BCF1B0041181E /* WeatherDisplayViewController.swift */ = {isa = PBXFileReference; lastKnownFileType = sourcecode.swift; path = WeatherDisplayViewController.swift; sourceTree = "<group>"; };
		1A0EFFB91A9BCF1B0041181E /* Base */ = {isa = PBXFileReference; lastKnownFileType = file.storyboard; name = Base; path = Base.lproj/Main.storyboard; sourceTree = "<group>"; };
		1A0EFFBB1A9BCF1B0041181E /* Images.xcassets */ = {isa = PBXFileReference; lastKnownFileType = folder.assetcatalog; path = Images.xcassets; sourceTree = "<group>"; };
		1A0EFFBE1A9BCF1B0041181E /* Base */ = {isa = PBXFileReference; lastKnownFileType = file.xib; name = Base; path = Base.lproj/LaunchScreen.xib; sourceTree = "<group>"; };
		1A0EFFC41A9BCF1B0041181E /* WeatherDemoTests.xctest */ = {isa = PBXFileReference; explicitFileType = wrapper.cfbundle; includeInIndex = 0; path = WeatherDemoTests.xctest; sourceTree = BUILT_PRODUCTS_DIR; };
		1A0EFFC91A9BCF1B0041181E /* Info.plist */ = {isa = PBXFileReference; lastKnownFileType = text.plist.xml; path = Info.plist; sourceTree = "<group>"; };
		1A0EFFCA1A9BCF1B0041181E /* WeatherDemoTests.swift */ = {isa = PBXFileReference; lastKnownFileType = sourcecode.swift; path = WeatherDemoTests.swift; sourceTree = "<group>"; };
		1A0EFFD41A9BCF4F0041181E /* WeatherService.swift */ = {isa = PBXFileReference; fileEncoding = 4; lastKnownFileType = sourcecode.swift; name = WeatherService.swift; path = Source/WeatherService.swift; sourceTree = "<group>"; };
		1A0EFFD81A9BE2DD0041181E /* WeatherReport.swift */ = {isa = PBXFileReference; fileEncoding = 4; lastKnownFileType = sourcecode.swift; name = WeatherReport.swift; path = Source/WeatherReport.swift; sourceTree = "<group>"; };
		1A2847301A9C248400D5C72D /* LaunchMenu.swift */ = {isa = PBXFileReference; fileEncoding = 4; lastKnownFileType = sourcecode.swift; name = LaunchMenu.swift; path = Source/LaunchMenu.swift; sourceTree = "<group>"; };
/* End PBXFileReference section */

/* Begin PBXFrameworksBuildPhase section */
		1A0EFFAC1A9BCF1B0041181E /* Frameworks */ = {
			isa = PBXFrameworksBuildPhase;
			buildActionMask = 2147483647;
			files = (
			);
			runOnlyForDeploymentPostprocessing = 0;
		};
		1A0EFFC11A9BCF1B0041181E /* Frameworks */ = {
			isa = PBXFrameworksBuildPhase;
			buildActionMask = 2147483647;
			files = (
			);
			runOnlyForDeploymentPostprocessing = 0;
		};
/* End PBXFrameworksBuildPhase section */

/* Begin PBXGroup section */
		1A02F9BA1A9C19100032E483 /* Screens */ = {
			isa = PBXGroup;
			children = (
				1A0EFFB61A9BCF1B0041181E /* WeatherDisplayViewController.swift */,
				1A02F9BD1A9C1AC60032E483 /* LaunchMenuViewController.swift */,
			);
			name = Screens;
			sourceTree = "<group>";
		};
		1A066B7A1A9E62E100F2A092 /* OrigArt-cropped */ = {
			isa = PBXGroup;
			children = (
				1A066B7B1A9E62E100F2A092 /* clear-day.jpg */,
				1A066B7C1A9E62E100F2A092 /* clear-night.jpg */,
				1A066B7D1A9E62E100F2A092 /* cloudy.jpg */,
				1A066B7E1A9E62E100F2A092 /* fog.jpg */,
				1A066B7F1A9E62E100F2A092 /* partly-cloudy-day.jpg */,
				1A066B801A9E62E100F2A092 /* partly-cloudy-night.jpg */,
				1A066B811A9E62E100F2A092 /* rain.jpg */,
				1A066B821A9E62E100F2A092 /* sleet.jpg */,
				1A066B831A9E62E100F2A092 /* snow.jpg */,
				1A066B841A9E62E100F2A092 /* wind.jpg */,
			);
			path = "OrigArt-cropped";
			sourceTree = "<group>";
		};
		1A066B8F1A9E6B5900F2A092 /* WeatherService */ = {
			isa = PBXGroup;
			children = (
				1A0EFFD41A9BCF4F0041181E /* WeatherService.swift */,
				1A066B911A9E6B7500F2A092 /* NetworkResponseParser */,
				1A066B901A9E6B6200F2A092 /* DataAdaptors */,
			);
			name = WeatherService;
			sourceTree = "<group>";
		};
		1A066B901A9E6B6200F2A092 /* DataAdaptors */ = {
			isa = PBXGroup;
			children = (
				1A02F9B81A9C18A20032E483 /* WeatherServiceForcastIODataSource.swift */,
				1A02F9BB1A9C1A5F0032E483 /* WeatherServicePreparedDataSource.swift */,
			);
			name = DataAdaptors;
			sourceTree = "<group>";
		};
		1A066B911A9E6B7500F2A092 /* NetworkResponseParser */ = {
			isa = PBXGroup;
			children = (
				1A066B921A9E6BAA00F2A092 /* WeatherServiceForcastIONetworkResponseParser.swift */,
			);
			name = NetworkResponseParser;
			sourceTree = "<group>";
		};
		1A0EFFA61A9BCF1B0041181E = {
			isa = PBXGroup;
			children = (
				1A0EFFB11A9BCF1B0041181E /* WeatherDemo */,
				1A0EFFC71A9BCF1B0041181E /* WeatherDemoTests */,
				1A0EFFB01A9BCF1B0041181E /* Products */,
			);
			sourceTree = "<group>";
		};
		1A0EFFB01A9BCF1B0041181E /* Products */ = {
			isa = PBXGroup;
			children = (
				1A0EFFAF1A9BCF1B0041181E /* WeatherDemo.app */,
				1A0EFFC41A9BCF1B0041181E /* WeatherDemoTests.xctest */,
			);
			name = Products;
			sourceTree = "<group>";
		};
		1A0EFFB11A9BCF1B0041181E /* WeatherDemo */ = {
			isa = PBXGroup;
			children = (
				1A0EFFB41A9BCF1B0041181E /* AppDelegate.swift */,
				1A0EFFB81A9BCF1B0041181E /* Main.storyboard */,
				1A0EFFBD1A9BCF1B0041181E /* LaunchScreen.xib */,
				1A0EFFBB1A9BCF1B0041181E /* Images.xcassets */,
				1A0EFFD71A9BE2C90041181E /* Models */,
				1A0EFFD61A9BCF550041181E /* Services */,
				1A02F9BA1A9C19100032E483 /* Screens */,
				1A066B7A1A9E62E100F2A092 /* OrigArt-cropped */,
				1A0EFFB21A9BCF1B0041181E /* Supporting Files */,
			);
			path = WeatherDemo;
			sourceTree = "<group>";
		};
		1A0EFFB21A9BCF1B0041181E /* Supporting Files */ = {
			isa = PBXGroup;
			children = (
				1A0EFFB31A9BCF1B0041181E /* Info.plist */,
			);
			name = "Supporting Files";
			sourceTree = "<group>";
		};
		1A0EFFC71A9BCF1B0041181E /* WeatherDemoTests */ = {
			isa = PBXGroup;
			children = (
				1A0EFFCA1A9BCF1B0041181E /* WeatherDemoTests.swift */,
				1A0EFFC81A9BCF1B0041181E /* Supporting Files */,
			);
			path = WeatherDemoTests;
			sourceTree = "<group>";
		};
		1A0EFFC81A9BCF1B0041181E /* Supporting Files */ = {
			isa = PBXGroup;
			children = (
				1A0EFFC91A9BCF1B0041181E /* Info.plist */,
			);
			name = "Supporting Files";
			sourceTree = "<group>";
		};
		1A0EFFD61A9BCF550041181E /* Services */ = {
			isa = PBXGroup;
			children = (
				1A066B8F1A9E6B5900F2A092 /* WeatherService */,
			);
			name = Services;
			sourceTree = "<group>";
		};
		1A0EFFD71A9BE2C90041181E /* Models */ = {
			isa = PBXGroup;
			children = (
				1A28472F1A9C247000D5C72D /* LaunchMenu */,
				1A0EFFD81A9BE2DD0041181E /* WeatherReport.swift */,
			);
			name = Models;
			sourceTree = "<group>";
		};
		1A28472F1A9C247000D5C72D /* LaunchMenu */ = {
			isa = PBXGroup;
			children = (
				1A2847301A9C248400D5C72D /* LaunchMenu.swift */,
			);
			name = LaunchMenu;
			sourceTree = "<group>";
		};
/* End PBXGroup section */

/* Begin PBXNativeTarget section */
		1A0EFFAE1A9BCF1B0041181E /* WeatherDemo */ = {
			isa = PBXNativeTarget;
			buildConfigurationList = 1A0EFFCE1A9BCF1B0041181E /* Build configuration list for PBXNativeTarget "WeatherDemo" */;
			buildPhases = (
				1A0EFFAB1A9BCF1B0041181E /* Sources */,
				1A0EFFAC1A9BCF1B0041181E /* Frameworks */,
				1A0EFFAD1A9BCF1B0041181E /* Resources */,
			);
			buildRules = (
			);
			dependencies = (
			);
			name = WeatherDemo;
			productName = WeatherDemo;
			productReference = 1A0EFFAF1A9BCF1B0041181E /* WeatherDemo.app */;
			productType = "com.apple.product-type.application";
		};
		1A0EFFC31A9BCF1B0041181E /* WeatherDemoTests */ = {
			isa = PBXNativeTarget;
			buildConfigurationList = 1A0EFFD11A9BCF1B0041181E /* Build configuration list for PBXNativeTarget "WeatherDemoTests" */;
			buildPhases = (
				1A0EFFC01A9BCF1B0041181E /* Sources */,
				1A0EFFC11A9BCF1B0041181E /* Frameworks */,
				1A0EFFC21A9BCF1B0041181E /* Resources */,
			);
			buildRules = (
			);
			dependencies = (
				1A0EFFC61A9BCF1B0041181E /* PBXTargetDependency */,
			);
			name = WeatherDemoTests;
			productName = WeatherDemoTests;
			productReference = 1A0EFFC41A9BCF1B0041181E /* WeatherDemoTests.xctest */;
			productType = "com.apple.product-type.bundle.unit-test";
		};
/* End PBXNativeTarget section */

/* Begin PBXProject section */
		1A0EFFA71A9BCF1B0041181E /* Project object */ = {
			isa = PBXProject;
			attributes = {
				LastUpgradeCheck = 0610;
				ORGANIZATIONNAME = "Michael Zornek";
				TargetAttributes = {
					1A0EFFAE1A9BCF1B0041181E = {
						CreatedOnToolsVersion = 6.1;
					};
					1A0EFFC31A9BCF1B0041181E = {
						CreatedOnToolsVersion = 6.1;
						TestTargetID = 1A0EFFAE1A9BCF1B0041181E;
					};
				};
			};
			buildConfigurationList = 1A0EFFAA1A9BCF1B0041181E /* Build configuration list for PBXProject "WeatherDemo" */;
			compatibilityVersion = "Xcode 3.2";
			developmentRegion = English;
			hasScannedForEncodings = 0;
			knownRegions = (
				en,
				Base,
			);
			mainGroup = 1A0EFFA61A9BCF1B0041181E;
			productRefGroup = 1A0EFFB01A9BCF1B0041181E /* Products */;
			projectDirPath = "";
			projectRoot = "";
			targets = (
				1A0EFFAE1A9BCF1B0041181E /* WeatherDemo */,
				1A0EFFC31A9BCF1B0041181E /* WeatherDemoTests */,
			);
		};
/* End PBXProject section */

/* Begin PBXResourcesBuildPhase section */
		1A0EFFAD1A9BCF1B0041181E /* Resources */ = {
			isa = PBXResourcesBuildPhase;
			buildActionMask = 2147483647;
			files = (
				1A066B871A9E62E100F2A092 /* cloudy.jpg in Resources */,
				1A066B8C1A9E62E100F2A092 /* sleet.jpg in Resources */,
				1A066B881A9E62E100F2A092 /* fog.jpg in Resources */,
				1A066B851A9E62E100F2A092 /* clear-day.jpg in Resources */,
				1A0EFFBA1A9BCF1B0041181E /* Main.storyboard in Resources */,
				1A066B8B1A9E62E100F2A092 /* rain.jpg in Resources */,
				1A066B8D1A9E62E100F2A092 /* snow.jpg in Resources */,
				1A0EFFBF1A9BCF1B0041181E /* LaunchScreen.xib in Resources */,
				1A066B8E1A9E62E100F2A092 /* wind.jpg in Resources */,
				1A066B8A1A9E62E100F2A092 /* partly-cloudy-night.jpg in Resources */,
				1A066B861A9E62E100F2A092 /* clear-night.jpg in Resources */,
				1A066B891A9E62E100F2A092 /* partly-cloudy-day.jpg in Resources */,
				1A0EFFBC1A9BCF1B0041181E /* Images.xcassets in Resources */,
			);
			runOnlyForDeploymentPostprocessing = 0;
		};
		1A0EFFC21A9BCF1B0041181E /* Resources */ = {
			isa = PBXResourcesBuildPhase;
			buildActionMask = 2147483647;
			files = (
			);
			runOnlyForDeploymentPostprocessing = 0;
		};
/* End PBXResourcesBuildPhase section */

/* Begin PBXSourcesBuildPhase section */
		1A0EFFAB1A9BCF1B0041181E /* Sources */ = {
			isa = PBXSourcesBuildPhase;
			buildActionMask = 2147483647;
			files = (
				1A0EFFB71A9BCF1B0041181E /* WeatherDisplayViewController.swift in Sources */,
				1A0EFFD51A9BCF4F0041181E /* WeatherService.swift in Sources */,
				1A02F9B91A9C18A20032E483 /* WeatherServiceForcastIODataSource.swift in Sources */,
				1A2847311A9C248400D5C72D /* LaunchMenu.swift in Sources */,
				1A02F9BC1A9C1A5F0032E483 /* WeatherServicePreparedDataSource.swift in Sources */,
				1A02F9BE1A9C1AC60032E483 /* LaunchMenuViewController.swift in Sources */,
				1A0EFFD91A9BE2DD0041181E /* WeatherReport.swift in Sources */,
				1A066B931A9E6BAA00F2A092 /* WeatherServiceForcastIONetworkResponseParser.swift in Sources */,
				1A0EFFB51A9BCF1B0041181E /* AppDelegate.swift in Sources */,
			);
			runOnlyForDeploymentPostprocessing = 0;
		};
		1A0EFFC01A9BCF1B0041181E /* Sources */ = {
			isa = PBXSourcesBuildPhase;
			buildActionMask = 2147483647;
			files = (
				1A0EFFCB1A9BCF1B0041181E /* WeatherDemoTests.swift in Sources */,
			);
			runOnlyForDeploymentPostprocessing = 0;
		};
/* End PBXSourcesBuildPhase section */

/* Begin PBXTargetDependency section */
		1A0EFFC61A9BCF1B0041181E /* PBXTargetDependency */ = {
			isa = PBXTargetDependency;
			target = 1A0EFFAE1A9BCF1B0041181E /* WeatherDemo */;
			targetProxy = 1A0EFFC51A9BCF1B0041181E /* PBXContainerItemProxy */;
		};
/* End PBXTargetDependency section */

/* Begin PBXVariantGroup section */
		1A0EFFB81A9BCF1B0041181E /* Main.storyboard */ = {
			isa = PBXVariantGroup;
			children = (
				1A0EFFB91A9BCF1B0041181E /* Base */,
			);
			name = Main.storyboard;
			sourceTree = "<group>";
		};
		1A0EFFBD1A9BCF1B0041181E /* LaunchScreen.xib */ = {
			isa = PBXVariantGroup;
			children = (
				1A0EFFBE1A9BCF1B0041181E /* Base */,
			);
			name = LaunchScreen.xib;
			sourceTree = "<group>";
		};
/* End PBXVariantGroup section */

/* Begin XCBuildConfiguration section */
		1A0EFFCC1A9BCF1B0041181E /* Debug */ = {
			isa = XCBuildConfiguration;
			buildSettings = {
				ALWAYS_SEARCH_USER_PATHS = NO;
				CLANG_CXX_LANGUAGE_STANDARD = "gnu++0x";
				CLANG_CXX_LIBRARY = "libc++";
				CLANG_ENABLE_MODULES = YES;
				CLANG_ENABLE_OBJC_ARC = YES;
				CLANG_WARN_BOOL_CONVERSION = YES;
				CLANG_WARN_CONSTANT_CONVERSION = YES;
				CLANG_WARN_DIRECT_OBJC_ISA_USAGE = YES_ERROR;
				CLANG_WARN_EMPTY_BODY = YES;
				CLANG_WARN_ENUM_CONVERSION = YES;
				CLANG_WARN_INT_CONVERSION = YES;
				CLANG_WARN_OBJC_ROOT_CLASS = YES_ERROR;
				CLANG_WARN_UNREACHABLE_CODE = YES;
				CLANG_WARN__DUPLICATE_METHOD_MATCH = YES;
				"CODE_SIGN_IDENTITY[sdk=iphoneos*]" = "iPhone Developer";
				COPY_PHASE_STRIP = NO;
				ENABLE_STRICT_OBJC_MSGSEND = YES;
				GCC_C_LANGUAGE_STANDARD = gnu99;
				GCC_DYNAMIC_NO_PIC = NO;
				GCC_OPTIMIZATION_LEVEL = 0;
				GCC_PREPROCESSOR_DEFINITIONS = (
					"DEBUG=1",
					"$(inherited)",
				);
				GCC_SYMBOLS_PRIVATE_EXTERN = NO;
				GCC_WARN_64_TO_32_BIT_CONVERSION = YES;
				GCC_WARN_ABOUT_RETURN_TYPE = YES_ERROR;
				GCC_WARN_UNDECLARED_SELECTOR = YES;
				GCC_WARN_UNINITIALIZED_AUTOS = YES_AGGRESSIVE;
				GCC_WARN_UNUSED_FUNCTION = YES;
				GCC_WARN_UNUSED_VARIABLE = YES;
				IPHONEOS_DEPLOYMENT_TARGET = 8.1;
				MTL_ENABLE_DEBUG_INFO = YES;
				ONLY_ACTIVE_ARCH = YES;
				SDKROOT = iphoneos;
				SWIFT_OPTIMIZATION_LEVEL = "-Onone";
			};
			name = Debug;
		};
		1A0EFFCD1A9BCF1B0041181E /* Release */ = {
			isa = XCBuildConfiguration;
			buildSettings = {
				ALWAYS_SEARCH_USER_PATHS = NO;
				CLANG_CXX_LANGUAGE_STANDARD = "gnu++0x";
				CLANG_CXX_LIBRARY = "libc++";
				CLANG_ENABLE_MODULES = YES;
				CLANG_ENABLE_OBJC_ARC = YES;
				CLANG_WARN_BOOL_CONVERSION = YES;
				CLANG_WARN_CONSTANT_CONVERSION = YES;
				CLANG_WARN_DIRECT_OBJC_ISA_USAGE = YES_ERROR;
				CLANG_WARN_EMPTY_BODY = YES;
				CLANG_WARN_ENUM_CONVERSION = YES;
				CLANG_WARN_INT_CONVERSION = YES;
				CLANG_WARN_OBJC_ROOT_CLASS = YES_ERROR;
				CLANG_WARN_UNREACHABLE_CODE = YES;
				CLANG_WARN__DUPLICATE_METHOD_MATCH = YES;
				"CODE_SIGN_IDENTITY[sdk=iphoneos*]" = "iPhone Developer";
				COPY_PHASE_STRIP = YES;
				ENABLE_NS_ASSERTIONS = NO;
				ENABLE_STRICT_OBJC_MSGSEND = YES;
				GCC_C_LANGUAGE_STANDARD = gnu99;
				GCC_WARN_64_TO_32_BIT_CONVERSION = YES;
				GCC_WARN_ABOUT_RETURN_TYPE = YES_ERROR;
				GCC_WARN_UNDECLARED_SELECTOR = YES;
				GCC_WARN_UNINITIALIZED_AUTOS = YES_AGGRESSIVE;
				GCC_WARN_UNUSED_FUNCTION = YES;
				GCC_WARN_UNUSED_VARIABLE = YES;
				IPHONEOS_DEPLOYMENT_TARGET = 8.1;
				MTL_ENABLE_DEBUG_INFO = NO;
				SDKROOT = iphoneos;
				VALIDATE_PRODUCT = YES;
			};
			name = Release;
		};
		1A0EFFCF1A9BCF1B0041181E /* Debug */ = {
			isa = XCBuildConfiguration;
			buildSettings = {
				ASSETCATALOG_COMPILER_APPICON_NAME = AppIcon;
				INFOPLIST_FILE = WeatherDemo/Info.plist;
				LD_RUNPATH_SEARCH_PATHS = "$(inherited) @executable_path/Frameworks";
				PRODUCT_NAME = "$(TARGET_NAME)";
			};
			name = Debug;
		};
		1A0EFFD01A9BCF1B0041181E /* Release */ = {
			isa = XCBuildConfiguration;
			buildSettings = {
				ASSETCATALOG_COMPILER_APPICON_NAME = AppIcon;
				INFOPLIST_FILE = WeatherDemo/Info.plist;
				LD_RUNPATH_SEARCH_PATHS = "$(inherited) @executable_path/Frameworks";
				PRODUCT_NAME = "$(TARGET_NAME)";
			};
			name = Release;
		};
		1A0EFFD21A9BCF1B0041181E /* Debug */ = {
			isa = XCBuildConfiguration;
			buildSettings = {
				BUNDLE_LOADER = "$(TEST_HOST)";
				FRAMEWORK_SEARCH_PATHS = (
					"$(SDKROOT)/Developer/Library/Frameworks",
					"$(inherited)",
				);
				GCC_PREPROCESSOR_DEFINITIONS = (
					"DEBUG=1",
					"$(inherited)",
				);
				INFOPLIST_FILE = WeatherDemoTests/Info.plist;
				LD_RUNPATH_SEARCH_PATHS = "$(inherited) @executable_path/Frameworks @loader_path/Frameworks";
				PRODUCT_NAME = "$(TARGET_NAME)";
				TEST_HOST = "$(BUILT_PRODUCTS_DIR)/WeatherDemo.app/WeatherDemo";
			};
			name = Debug;
		};
		1A0EFFD31A9BCF1B0041181E /* Release */ = {
			isa = XCBuildConfiguration;
			buildSettings = {
				BUNDLE_LOADER = "$(TEST_HOST)";
				FRAMEWORK_SEARCH_PATHS = (
					"$(SDKROOT)/Developer/Library/Frameworks",
					"$(inherited)",
				);
				INFOPLIST_FILE = WeatherDemoTests/Info.plist;
				LD_RUNPATH_SEARCH_PATHS = "$(inherited) @executable_path/Frameworks @loader_path/Frameworks";
				PRODUCT_NAME = "$(TARGET_NAME)";
				TEST_HOST = "$(BUILT_PRODUCTS_DIR)/WeatherDemo.app/WeatherDemo";
			};
			name = Release;
		};
/* End XCBuildConfiguration section */

/* Begin XCConfigurationList section */
		1A0EFFAA1A9BCF1B0041181E /* Build configuration list for PBXProject "WeatherDemo" */ = {
			isa = XCConfigurationList;
			buildConfigurations = (
				1A0EFFCC1A9BCF1B0041181E /* Debug */,
				1A0EFFCD1A9BCF1B0041181E /* Release */,
			);
			defaultConfigurationIsVisible = 0;
			defaultConfigurationName = Release;
		};
		1A0EFFCE1A9BCF1B0041181E /* Build configuration list for PBXNativeTarget "WeatherDemo" */ = {
			isa = XCConfigurationList;
			buildConfigurations = (
				1A0EFFCF1A9BCF1B0041181E /* Debug */,
				1A0EFFD01A9BCF1B0041181E /* Release */,
			);
			defaultConfigurationIsVisible = 0;
			defaultConfigurationName = Release;
		};
		1A0EFFD11A9BCF1B0041181E /* Build configuration list for PBXNativeTarget "WeatherDemoTests" */ = {
			isa = XCConfigurationList;
			buildConfigurations = (
				1A0EFFD21A9BCF1B0041181E /* Debug */,
				1A0EFFD31A9BCF1B0041181E /* Release */,
			);
			defaultConfigurationIsVisible = 0;
			defaultConfigurationName = Release;
		};
/* End XCConfigurationList section */
	};
	rootObject = 1A0EFFA71A9BCF1B0041181E /* Project object */;
}
